github.com/BurntSushi/toml #f706d00e3de6abe700c994cdd545a1a4915af060
github.com/MSOpenTech/azure-sdk-for-go #16708322a73c633e545e3556e1e57b59e76b8dbf
github.com/Sirupsen/logrus #89efc1fea9b8b47f6f6ce72279a7ed9496b4cdb3
github.com/docopt/docopt-go #0.6.1
github.com/getsentry/raven-go #3fd636ed242c26c0f55bc9ee1fe47e1d6d2d77f7
github.com/tobi/airbrake-go #5b5e269e1bc398d43f67e43dafff3414a59cd5a2
gopkg.in/check.v1 #64131543e7896d5bcc6bd5a76287eb75ea96c673
